{
  "name": "alerter",
  "version": "1.0.0",
  "lockfileVersion": 1,
  "requires": true,
  "dependencies": {
    "addressparser": {
      "version": "0.3.2",
      "resolved": "https://registry.npmjs.org/addressparser/-/addressparser-0.3.2.tgz",
      "integrity": "sha1-WYc/Nej89sc2HBAjkmHXbhU0i7I="
    },
    "ansi-regex": {
      "version": "2.1.1",
      "resolved": "https://registry.npmjs.org/ansi-regex/-/ansi-regex-2.1.1.tgz",
      "integrity": "sha1-w7M6te42DYbg5ijwRorn7yfWVN8="
    },
    "ansi-styles": {
      "version": "2.2.1",
      "resolved": "https://registry.npmjs.org/ansi-styles/-/ansi-styles-2.2.1.tgz",
      "integrity": "sha1-tDLdM1i2NM914eRmQ2gkBTPB3b4="
    },
    "chalk": {
      "version": "1.1.3",
      "resolved": "https://registry.npmjs.org/chalk/-/chalk-1.1.3.tgz",
      "integrity": "sha1-qBFcVeSnAv5NFQq9OHKCKn4J/Jg=",
      "requires": {
        "ansi-styles": "^2.2.1",
        "escape-string-regexp": "^1.0.2",
        "has-ansi": "^2.0.0",
        "strip-ansi": "^3.0.0",
        "supports-color": "^2.0.0"
      }
    },
    "emailjs": {
      "version": "2.2.0",
      "resolved": "https://registry.npmjs.org/emailjs/-/emailjs-2.2.0.tgz",
      "integrity": "sha1-ulsj5KSwpFEPZS6HOxVOlAe2ygM=",
      "requires": {
        "addressparser": "^0.3.2",
        "emailjs-mime-codec": "^2.0.7"
      }
    },
    "emailjs-base64": {
      "version": "1.1.4",
      "resolved": "https://registry.npmjs.org/emailjs-base64/-/emailjs-base64-1.1.4.tgz",
      "integrity": "sha512-4h0xp1jgVTnIQBHxSJWXWanNnmuc5o+k4aHEpcLXSToN8asjB5qbXAexs7+PEsUKcEyBteNYsSvXUndYT2CGGA=="
    },
    "emailjs-mime-codec": {
      "version": "2.0.8",
      "resolved": "https://registry.npmjs.org/emailjs-mime-codec/-/emailjs-mime-codec-2.0.8.tgz",
      "integrity": "sha512-Upnk1zSj6wVrKRBdfc0di2eyjyTOatTs8QlZZlBedfGBWalZ6IlEaPbmoCL5Qt4VVTwLp7buYcw0+pu9sB744g==",
      "requires": {
        "emailjs-base64": "^1.1.4",
        "ramda": "^0.25.0",
        "text-encoding": "^0.6.4"
      }
    },
    "escape-string-regexp": {
      "version": "1.0.5",
      "resolved": "https://registry.npmjs.org/escape-string-regexp/-/escape-string-regexp-1.0.5.tgz",
      "integrity": "sha1-G2HAViGQqN/2rjuyzwIAyhMLhtQ="
    },
    "has-ansi": {
      "version": "2.0.0",
      "resolved": "https://registry.npmjs.org/has-ansi/-/has-ansi-2.0.0.tgz",
      "integrity": "sha1-NPUEnOHs3ysGSa8+8k5F7TVBbZE=",
      "requires": {
        "ansi-regex": "^2.0.0"
      }
    },
    "moment": {
      "version": "2.24.0",
      "resolved": "https://registry.npmjs.org/moment/-/moment-2.24.0.tgz",
      "integrity": "sha512-bV7f+6l2QigeBBZSM/6yTNq4P2fNpSWj/0e7jQcy87A8e7o2nAfP/34/2ky5Vw4B9S446EtIhodAzkFCcR4dQg=="
    },
    "noogger": {
      "version": "0.1.8",
      "resolved": "https://registry.npmjs.org/noogger/-/noogger-0.1.8.tgz",
      "integrity": "sha1-XLuv1k4zldeoElaGUSDuU8okZxY=",
      "requires": {
        "chalk": "^1.1.3",
        "moment": "^2.13.0"
      }
    },
    "ramda": {
      "version": "0.25.0",
      "resolved": "https://registry.npmjs.org/ramda/-/ramda-0.25.0.tgz",
      "integrity": "sha512-GXpfrYVPwx3K7RQ6aYT8KPS8XViSXUVJT1ONhoKPE9VAleW42YE+U+8VEyGWt41EnEQW7gwecYJriTI0pKoecQ=="
    },
    "strip-ansi": {
      "version": "3.0.1",
      "resolved": "https://registry.npmjs.org/strip-ansi/-/strip-ansi-3.0.1.tgz",
      "integrity": "sha1-ajhfuIU9lS1f8F0Oiq+UJ43GPc8=",
      "requires": {
        "ansi-regex": "^2.0.0"
      }
    },
    "supports-color": {
      "version": "2.0.0",
      "resolved": "https://registry.npmjs.org/supports-color/-/supports-color-2.0.0.tgz",
      "integrity": "sha1-U10EXOa2Nj+kARcIRimZXp3zJMc="
    },
    "text-encoding": {
      "version": "0.6.4",
      "resolved": "https://registry.npmjs.org/text-encoding/-/text-encoding-0.6.4.tgz",
      "integrity": "sha1-45mpgiV6J22uQou5KEXLcb3CbRk="
    }
  }
}
